{
  "name": "discord-tts",
  "version": "1.0.3",
  "lockfileVersion": 2,
  "requires": true,
  "packages": {
    "": {
      "version": "1.0.3",
      "license": "MIT",
      "dependencies": {
        "google-tts-api": "0.0.6"
      }
    },
    "node_modules/google-tts-api": {
      "version": "0.0.6",
      "resolved": "https://registry.npmjs.org/google-tts-api/-/google-tts-api-0.0.6.tgz",
      "integrity": "sha512-Tt7AOwQ6HkVlhOylYYyHzmCvharwLov1Mrrq6RogtRwQzGCPpnrR6Um7Bcx3xlXYHJX0wcLGFW9RuJIFxXYcaQ=="
    }
  },
  "dependencies": {
    "google-tts-api": {
      "version": "0.0.6",
      "resolved": "https://registry.npmjs.org/google-tts-api/-/google-tts-api-0.0.6.tgz",
      "integrity": "sha512-Tt7AOwQ6HkVlhOylYYyHzmCvharwLov1Mrrq6RogtRwQzGCPpnrR6Um7Bcx3xlXYHJX0wcLGFW9RuJIFxXYcaQ=="
    }
  }
}
